
Microsoft Visual Studio Solution File, Format Version 12.00
# Visual Studio Version 16
VisualStudioVersion = 16.0.31624.102
MinimumVisualStudioVersion = 10.0.40219.1
Project("{FAE04EC0-301F-11D3-BF4B-00C04F79EFBC}") = "SchedulerAppDemo", "SchedulerAppDemo\SchedulerAppDemo.csproj", "{538827B1-9D54-4981-BF19-BD7572236706}"
EndProject
Global
	GlobalSection(SolutionConfigurationPlatforms) = preSolution
		Debug|Any CPU = Debug|Any CPU
		Release|Any CPU = Release|Any CPU
	EndGlobalSection
	GlobalSection(ProjectConfigurationPlatforms) = postSolution
		{538827B1-9D54-4981-BF19-BD7572236706}.Debug|Any CPU.ActiveCfg = Debug|Any CPU
		{538827B1-9D54-4981-BF19-BD7572236706}.Debug|Any CPU.Build.0 = Debug|Any CPU
		{538827B1-9D54-4981-BF19-BD7572236706}.Release|Any CPU.ActiveCfg = Release|Any CPU
		{538827B1-9D54-4981-BF19-BD7572236706}.Release|Any CPU.Build.0 = Release|Any CPU
	EndGlobalSection
	GlobalSection(SolutionProperties) = preSolution
		HideSolutionNode = FALSE
	EndGlobalSection
	GlobalSection(ExtensibilityGlobals) = postSolution
		SolutionGuid = {2DCE0AEB-A403-4D17-A8F2-048CC37E6D67}
	EndGlobalSection
EndGlobal
